// !$*UTF8*$!
{
	archiveVersion = 1;
	classes = {
	};
	objectVersion = 50;
	objects = {

/* Begin PBXBuildFile section */
		46042C7A223011670019433F /* firebase_storage.framework in Frameworks */ = {isa = PBXBuildFile; fileRef = 46042C75223011640019433F /* firebase_storage.framework */; };
		46042C7B223011670019433F /* firebase.framework in Frameworks */ = {isa = PBXBuildFile; fileRef = 46042C76223011650019433F /* firebase.framework */; };
		46042C7C223011670019433F /* firebase_analytics.framework in Frameworks */ = {isa = PBXBuildFile; fileRef = 46042C77223011660019433F /* firebase_analytics.framework */; };
		46042C7D223011670019433F /* firebase_database.framework in Frameworks */ = {isa = PBXBuildFile; fileRef = 46042C78223011660019433F /* firebase_database.framework */; };
		46042C7E223011670019433F /* firebase_auth.framework in Frameworks */ = {isa = PBXBuildFile; fileRef = 46042C79223011670019433F /* firebase_auth.framework */; };
		46042C9C223012A80019433F /* PushableObjectWrapper.cpp in Sources */ = {isa = PBXBuildFile; fileRef = 46042C85223012A30019433F /* PushableObjectWrapper.cpp */; };
		46042C9D223012A80019433F /* DataManagerWrapper.cpp in Sources */ = {isa = PBXBuildFile; fileRef = 46042C8A223012A40019433F /* DataManagerWrapper.cpp */; };
		46042C9E223012A80019433F /* StorageListener.cpp in Sources */ = {isa = PBXBuildFile; fileRef = 46042C8B223012A40019433F /* StorageListener.cpp */; };
		46042C9F223012A80019433F /* AccountWrapper.cpp in Sources */ = {isa = PBXBuildFile; fileRef = 46042C8D223012A50019433F /* AccountWrapper.cpp */; };
		46042CA0223012A80019433F /* StorageManager.cpp in Sources */ = {isa = PBXBuildFile; fileRef = 46042C8E223012A50019433F /* StorageManager.cpp */; };
		46042CA2223012A80019433F /* FirebaseManager.cpp in Sources */ = {isa = PBXBuildFile; fileRef = 46042C94223012A70019433F /* FirebaseManager.cpp */; };
		46042CA3223012A80019433F /* PushableObject.cpp in Sources */ = {isa = PBXBuildFile; fileRef = 46042C95223012A70019433F /* PushableObject.cpp */; };
		46042CA4223012A80019433F /* StorageManagerWrapper.cpp in Sources */ = {isa = PBXBuildFile; fileRef = 46042C96223012A70019433F /* StorageManagerWrapper.cpp */; };
		46042CA5223012A80019433F /* FirebaseManagerWrapper.cpp in Sources */ = {isa = PBXBuildFile; fileRef = 46042C97223012A80019433F /* FirebaseManagerWrapper.cpp */; };
		460BE7402232A40300251611 /* google-services.json in Resources */ = {isa = PBXBuildFile; fileRef = 460BE73F2232A40200251611 /* google-services.json */; };
		460BE7452232A8A800251611 /* AuthenticationWrapper.cpp in Sources */ = {isa = PBXBuildFile; fileRef = 460BE7432232A8A800251611 /* AuthenticationWrapper.cpp */; };
		460BE9722232B5A400251611 /* libcryptlib.a in Frameworks */ = {isa = PBXBuildFile; fileRef = 460BE9712232B5A400251611 /* libcryptlib.a */; };
		460BEA282232B7B300251611 /* DataManager.cpp in Sources */ = {isa = PBXBuildFile; fileRef = 460BEA232232B7B200251611 /* DataManager.cpp */; };
		460BEA292232B7B300251611 /* Account.cpp in Sources */ = {isa = PBXBuildFile; fileRef = 460BEA242232B7B200251611 /* Account.cpp */; };
		460BEA2A2232B7B300251611 /* Authentication.cpp in Sources */ = {isa = PBXBuildFile; fileRef = 460BEA272232B7B300251611 /* Authentication.cpp */; };
		460BEA2D2232B82500251611 /* Crypto.cpp in Sources */ = {isa = PBXBuildFile; fileRef = 460BEA2C2232B82500251611 /* Crypto.cpp */; };
		460CA91F222B4AA00015A2BE /* GoogleService-Info.plist in Resources */ = {isa = PBXBuildFile; fileRef = 460CA91E222B4AA00015A2BE /* GoogleService-Info.plist */; };
		460CA925222B9D990015A2BE /* NewsViewController.swift in Sources */ = {isa = PBXBuildFile; fileRef = 460CA924222B9D990015A2BE /* NewsViewController.swift */; };
		460CA927222BA1890015A2BE /* NewsCollectionViewCell.swift in Sources */ = {isa = PBXBuildFile; fileRef = 460CA926222BA1890015A2BE /* NewsCollectionViewCell.swift */; };
		461B4E06221BBE0700A8DB3A /* AppDelegate.swift in Sources */ = {isa = PBXBuildFile; fileRef = 461B4E05221BBE0700A8DB3A /* AppDelegate.swift */; };
		461B4E08221BBE0700A8DB3A /* ViewController.swift in Sources */ = {isa = PBXBuildFile; fileRef = 461B4E07221BBE0700A8DB3A /* ViewController.swift */; };
		461B4E0D221BBE0800A8DB3A /* Assets.xcassets in Resources */ = {isa = PBXBuildFile; fileRef = 461B4E0C221BBE0800A8DB3A /* Assets.xcassets */; };
		461B4E18221BC05F00A8DB3A /* Main.storyboard in Resources */ = {isa = PBXBuildFile; fileRef = 461B4E17221BC05F00A8DB3A /* Main.storyboard */; };
		461B4E1A221BC0B900A8DB3A /* ClarifaiHelper.swift in Sources */ = {isa = PBXBuildFile; fileRef = 461B4E19221BC0B900A8DB3A /* ClarifaiHelper.swift */; };
		461B4E1C221BC0EB00A8DB3A /* CameraViewController.swift in Sources */ = {isa = PBXBuildFile; fileRef = 461B4E1B221BC0EB00A8DB3A /* CameraViewController.swift */; };
		461B4E1E221BC0F100A8DB3A /* PreviewViewController.swift in Sources */ = {isa = PBXBuildFile; fileRef = 461B4E1D221BC0F100A8DB3A /* PreviewViewController.swift */; };
		461B4E22221BC3CB00A8DB3A /* LaunchScreen.storyboard in Resources */ = {isa = PBXBuildFile; fileRef = 461B4E21221BC3CB00A8DB3A /* LaunchScreen.storyboard */; };
		469DB9F9221E0B760051279D /* RightScreenViewController.swift in Sources */ = {isa = PBXBuildFile; fileRef = 469DB9F8221E0B760051279D /* RightScreenViewController.swift */; };
		469DB9FB221E0B850051279D /* LeftScreenViewController.swift in Sources */ = {isa = PBXBuildFile; fileRef = 469DB9FA221E0B850051279D /* LeftScreenViewController.swift */; };
		469DB9FD221E0B940051279D /* ScrollViewController.swift in Sources */ = {isa = PBXBuildFile; fileRef = 469DB9FC221E0B940051279D /* ScrollViewController.swift */; };
		469DB9FF221E46C40051279D /* MainCollectionViewCell.swift in Sources */ = {isa = PBXBuildFile; fileRef = 469DB9FE221E46C40051279D /* MainCollectionViewCell.swift */; };
		46FEB9B4221F727C0031A93F /* CircularTransition.swift in Sources */ = {isa = PBXBuildFile; fileRef = 46FEB9B3221F727C0031A93F /* CircularTransition.swift */; };
		46FEB9B6221FB12E0031A93F /* StatsViewController.swift in Sources */ = {isa = PBXBuildFile; fileRef = 46FEB9B5221FB12E0031A93F /* StatsViewController.swift */; };
		F36815A2438F24E133BF4328 /* Pods_WeCycle.framework in Frameworks */ = {isa = PBXBuildFile; fileRef = 06D92FB4F574C763932FCA17 /* Pods_WeCycle.framework */; };
/* End PBXBuildFile section */

/* Begin PBXFileReference section */
		06D92FB4F574C763932FCA17 /* Pods_WeCycle.framework */ = {isa = PBXFileReference; explicitFileType = wrapper.framework; includeInIndex = 0; path = Pods_WeCycle.framework; sourceTree = BUILT_PRODUCTS_DIR; };
		243DAF92CAF23CA2ED7DB968 /* Pods-WeCycle.debug.xcconfig */ = {isa = PBXFileReference; includeInIndex = 1; lastKnownFileType = text.xcconfig; name = "Pods-WeCycle.debug.xcconfig"; path = "Target Support Files/Pods-WeCycle/Pods-WeCycle.debug.xcconfig"; sourceTree = "<group>"; };
		46042C75223011640019433F /* firebase_storage.framework */ = {isa = PBXFileReference; lastKnownFileType = wrapper.framework; path = firebase_storage.framework; sourceTree = "<group>"; };
		46042C76223011650019433F /* firebase.framework */ = {isa = PBXFileReference; lastKnownFileType = wrapper.framework; path = firebase.framework; sourceTree = "<group>"; };
		46042C77223011660019433F /* firebase_analytics.framework */ = {isa = PBXFileReference; lastKnownFileType = wrapper.framework; path = firebase_analytics.framework; sourceTree = "<group>"; };
		46042C78223011660019433F /* firebase_database.framework */ = {isa = PBXFileReference; lastKnownFileType = wrapper.framework; path = firebase_database.framework; sourceTree = "<group>"; };
		46042C79223011670019433F /* firebase_auth.framework */ = {isa = PBXFileReference; lastKnownFileType = wrapper.framework; path = firebase_auth.framework; sourceTree = "<group>"; };
		46042C80223012A10019433F /* StorageManager.h */ = {isa = PBXFileReference; fileEncoding = 4; lastKnownFileType = sourcecode.c.h; path = StorageManager.h; sourceTree = "<group>"; };
		46042C82223012A20019433F /* FirebaseManager.h */ = {isa = PBXFileReference; fileEncoding = 4; lastKnownFileType = sourcecode.c.h; path = FirebaseManager.h; sourceTree = "<group>"; };
		46042C83223012A20019433F /* StorageManagerWrapper.hpp */ = {isa = PBXFileReference; fileEncoding = 4; lastKnownFileType = sourcecode.cpp.h; path = StorageManagerWrapper.hpp; sourceTree = "<group>"; };
		46042C85223012A30019433F /* PushableObjectWrapper.cpp */ = {isa = PBXFileReference; fileEncoding = 4; lastKnownFileType = sourcecode.cpp.cpp; path = PushableObjectWrapper.cpp; sourceTree = "<group>"; };
		46042C86223012A30019433F /* Rank.h */ = {isa = PBXFileReference; fileEncoding = 4; lastKnownFileType = sourcecode.c.h; path = Rank.h; sourceTree = "<group>"; };
		46042C87223012A30019433F /* DataManagerWrapper.hpp */ = {isa = PBXFileReference; fileEncoding = 4; lastKnownFileType = sourcecode.cpp.h; path = DataManagerWrapper.hpp; sourceTree = "<group>"; };
		46042C89223012A40019433F /* StorageListener.h */ = {isa = PBXFileReference; fileEncoding = 4; lastKnownFileType = sourcecode.c.h; path = StorageListener.h; sourceTree = "<group>"; };
		46042C8A223012A40019433F /* DataManagerWrapper.cpp */ = {isa = PBXFileReference; fileEncoding = 4; lastKnownFileType = sourcecode.cpp.cpp; path = DataManagerWrapper.cpp; sourceTree = "<group>"; };
		46042C8B223012A40019433F /* StorageListener.cpp */ = {isa = PBXFileReference; fileEncoding = 4; lastKnownFileType = sourcecode.cpp.cpp; path = StorageListener.cpp; sourceTree = "<group>"; };
		46042C8C223012A50019433F /* FirebaseManagerWrapper.hpp */ = {isa = PBXFileReference; fileEncoding = 4; lastKnownFileType = sourcecode.cpp.h; path = FirebaseManagerWrapper.hpp; sourceTree = "<group>"; };
		46042C8D223012A50019433F /* AccountWrapper.cpp */ = {isa = PBXFileReference; fileEncoding = 4; lastKnownFileType = sourcecode.cpp.cpp; path = AccountWrapper.cpp; sourceTree = "<group>"; };
		46042C8E223012A50019433F /* StorageManager.cpp */ = {isa = PBXFileReference; fileEncoding = 4; lastKnownFileType = sourcecode.cpp.cpp; path = StorageManager.cpp; sourceTree = "<group>"; };
		46042C90223012A60019433F /* AccountWrapper.hpp */ = {isa = PBXFileReference; fileEncoding = 4; lastKnownFileType = sourcecode.cpp.h; path = AccountWrapper.hpp; sourceTree = "<group>"; };
		46042C91223012A60019433F /* json.hpp */ = {isa = PBXFileReference; fileEncoding = 4; lastKnownFileType = sourcecode.cpp.h; path = json.hpp; sourceTree = "<group>"; };
		46042C92223012A60019433F /* PushableObjectWrapper.hpp */ = {isa = PBXFileReference; fileEncoding = 4; lastKnownFileType = sourcecode.cpp.h; path = PushableObjectWrapper.hpp; sourceTree = "<group>"; };
		46042C94223012A70019433F /* FirebaseManager.cpp */ = {isa = PBXFileReference; fileEncoding = 4; lastKnownFileType = sourcecode.cpp.cpp; path = FirebaseManager.cpp; sourceTree = "<group>"; };
		46042C95223012A70019433F /* PushableObject.cpp */ = {isa = PBXFileReference; fileEncoding = 4; lastKnownFileType = sourcecode.cpp.cpp; path = PushableObject.cpp; sourceTree = "<group>"; };
		46042C96223012A70019433F /* StorageManagerWrapper.cpp */ = {isa = PBXFileReference; fileEncoding = 4; lastKnownFileType = sourcecode.cpp.cpp; path = StorageManagerWrapper.cpp; sourceTree = "<group>"; };
		46042C97223012A80019433F /* FirebaseManagerWrapper.cpp */ = {isa = PBXFileReference; fileEncoding = 4; lastKnownFileType = sourcecode.cpp.cpp; path = FirebaseManagerWrapper.cpp; sourceTree = "<group>"; };
		46042C98223012A80019433F /* PushableObject.h */ = {isa = PBXFileReference; fileEncoding = 4; lastKnownFileType = sourcecode.c.h; path = PushableObject.h; sourceTree = "<group>"; };
		46042CB62230162B0019433F /* WeCycle-Bridging-Header.h */ = {isa = PBXFileReference; lastKnownFileType = sourcecode.c.h; path = "WeCycle-Bridging-Header.h"; sourceTree = "<group>"; };
		460BE73F2232A40200251611 /* google-services.json */ = {isa = PBXFileReference; fileEncoding = 4; lastKnownFileType = text.json; path = "google-services.json"; sourceTree = "<group>"; };
		460BE7432232A8A800251611 /* AuthenticationWrapper.cpp */ = {isa = PBXFileReference; fileEncoding = 4; lastKnownFileType = sourcecode.cpp.cpp; path = AuthenticationWrapper.cpp; sourceTree = "<group>"; };
		460BE7442232A8A800251611 /* AuthenticationWrapper.hpp */ = {isa = PBXFileReference; fileEncoding = 4; lastKnownFileType = sourcecode.cpp.h; path = AuthenticationWrapper.hpp; sourceTree = "<group>"; };
		460BE9712232B5A400251611 /* libcryptlib.a */ = {isa = PBXFileReference; lastKnownFileType = archive.ar; path = libcryptlib.a; sourceTree = "<group>"; };
		460BE9742232B64500251611 /* rijndael.h */ = {isa = PBXFileReference; lastKnownFileType = sourcecode.c.h; path = rijndael.h; sourceTree = "<group>"; };
		460BE9752232B64500251611 /* simeck.h */ = {isa = PBXFileReference; lastKnownFileType = sourcecode.c.h; path = simeck.h; sourceTree = "<group>"; };
		460BE9762232B64600251611 /* zlib.h */ = {isa = PBXFileReference; lastKnownFileType = sourcecode.c.h; path = zlib.h; sourceTree = "<group>"; };
		460BE9772232B64600251611 /* elgamal.h */ = {isa = PBXFileReference; lastKnownFileType = sourcecode.c.h; path = elgamal.h; sourceTree = "<group>"; };
		460BE9782232B64600251611 /* channels.h */ = {isa = PBXFileReference; lastKnownFileType = sourcecode.c.h; path = channels.h; sourceTree = "<group>"; };
		460BE9792232B64700251611 /* ida.h */ = {isa = PBXFileReference; lastKnownFileType = sourcecode.c.h; path = ida.h; sourceTree = "<group>"; };
		460BE97A2232B64700251611 /* aes_armv4.h */ = {isa = PBXFileReference; lastKnownFileType = sourcecode.c.h; path = aes_armv4.h; sourceTree = "<group>"; };
		460BE97B2232B64700251611 /* sha3.h */ = {isa = PBXFileReference; lastKnownFileType = sourcecode.c.h; path = sha3.h; sourceTree = "<group>"; };
		460BE97C2232B64700251611 /* algparam.h */ = {isa = PBXFileReference; lastKnownFileType = sourcecode.c.h; path = algparam.h; sourceTree = "<group>"; };
		460BE97D2232B64800251611 /* fhmqv.h */ = {isa = PBXFileReference; lastKnownFileType = sourcecode.c.h; path = fhmqv.h; sourceTree = "<group>"; };
		460BE97E2232B64800251611 /* chacha.h */ = {isa = PBXFileReference; lastKnownFileType = sourcecode.c.h; path = chacha.h; sourceTree = "<group>"; };
		460BE97F2232B64800251611 /* dh2.h */ = {isa = PBXFileReference; lastKnownFileType = sourcecode.c.h; path = dh2.h; sourceTree = "<group>"; };
		460BE9802232B64900251611 /* donna_sse.h */ = {isa = PBXFileReference; lastKnownFileType = sourcecode.c.h; path = donna_sse.h; sourceTree = "<group>"; };
		460BE9812232B64900251611 /* padlkrng.h */ = {isa = PBXFileReference; lastKnownFileType = sourcecode.c.h; path = padlkrng.h; sourceTree = "<group>"; };
		460BE9822232B64900251611 /* poly1305.h */ = {isa = PBXFileReference; lastKnownFileType = sourcecode.c.h; path = poly1305.h; sourceTree = "<group>"; };
		460BE9832232B64900251611 /* simon.h */ = {isa = PBXFileReference; lastKnownFileType = sourcecode.c.h; path = simon.h; sourceTree = "<group>"; };
		460BE9842232B64A00251611 /* aes.h */ = {isa = PBXFileReference; lastKnownFileType = sourcecode.c.h; path = aes.h; sourceTree = "<group>"; };
		460BE9852232B64A00251611 /* ppc_simd.h */ = {isa = PBXFileReference; lastKnownFileType = sourcecode.c.h; path = ppc_simd.h; sourceTree = "<group>"; };
		460BE9862232B64A00251611 /* des.h */ = {isa = PBXFileReference; lastKnownFileType = sourcecode.c.h; path = des.h; sourceTree = "<group>"; };
		460BE9872232B64B00251611 /* idea.h */ = {isa = PBXFileReference; lastKnownFileType = sourcecode.c.h; path = idea.h; sourceTree = "<group>"; };
		460BE9882232B64B00251611 /* modes.h */ = {isa = PBXFileReference; lastKnownFileType = sourcecode.c.h; path = modes.h; sourceTree = "<group>"; };
		460BE9892232B64B00251611 /* gzip.h */ = {isa = PBXFileReference; lastKnownFileType = sourcecode.c.h; path = gzip.h; sourceTree = "<group>"; };
		460BE98A2232B64C00251611 /* cbcmac.h */ = {isa = PBXFileReference; lastKnownFileType = sourcecode.c.h; path = cbcmac.h; sourceTree = "<group>"; };
		460BE98B2232B64C00251611 /* hmac.h */ = {isa = PBXFileReference; lastKnownFileType = sourcecode.c.h; path = hmac.h; sourceTree = "<group>"; };
		460BE98C2232B64C00251611 /* gost.h */ = {isa = PBXFileReference; lastKnownFileType = sourcecode.c.h; path = gost.h; sourceTree = "<group>"; };
		460BE98D2232B64C00251611 /* smartptr.h */ = {isa = PBXFileReference; lastKnownFileType = sourcecode.c.h; path = smartptr.h; sourceTree = "<group>"; };
		460BE98E2232B64D00251611 /* oaep.h */ = {isa = PBXFileReference; lastKnownFileType = sourcecode.c.h; path = oaep.h; sourceTree = "<group>"; };
		460BE98F2232B64D00251611 /* trap.h */ = {isa = PBXFileReference; lastKnownFileType = sourcecode.c.h; path = trap.h; sourceTree = "<group>"; };
		460BE9902232B64D00251611 /* gf256.h */ = {isa = PBXFileReference; lastKnownFileType = sourcecode.c.h; path = gf256.h; sourceTree = "<group>"; };
		460BE9912232B64E00251611 /* aria.h */ = {isa = PBXFileReference; lastKnownFileType = sourcecode.c.h; path = aria.h; sourceTree = "<group>"; };
		460BE9922232B64E00251611 /* seed.h */ = {isa = PBXFileReference; lastKnownFileType = sourcecode.c.h; path = seed.h; sourceTree = "<group>"; };
		460BE9932232B64E00251611 /* polynomi.h */ = {isa = PBXFileReference; lastKnownFileType = sourcecode.c.h; path = polynomi.h; sourceTree = "<group>"; };
		460BE9942232B64F00251611 /* algebra.h */ = {isa = PBXFileReference; lastKnownFileType = sourcecode.c.h; path = algebra.h; sourceTree = "<group>"; };
		460BE9952232B64F00251611 /* base64.h */ = {isa = PBXFileReference; lastKnownFileType = sourcecode.c.h; path = base64.h; sourceTree = "<group>"; };
		460BE9962232B64F00251611 /* pssr.h */ = {isa = PBXFileReference; lastKnownFileType = sourcecode.c.h; path = pssr.h; sourceTree = "<group>"; };
		460BE9972232B65000251611 /* blake2.h */ = {isa = PBXFileReference; lastKnownFileType = sourcecode.c.h; path = blake2.h; sourceTree = "<group>"; };
		460BE9982232B65000251611 /* vmac.h */ = {isa = PBXFileReference; lastKnownFileType = sourcecode.c.h; path = vmac.h; sourceTree = "<group>"; };
		460BE9992232B65000251611 /* wake.h */ = {isa = PBXFileReference; lastKnownFileType = sourcecode.c.h; path = wake.h; sourceTree = "<group>"; };
		460BE99A2232B65000251611 /* hc128.h */ = {isa = PBXFileReference; lastKnownFileType = sourcecode.c.h; path = hc128.h; sourceTree = "<group>"; };
		460BE99B2232B65100251611 /* argnames.h */ = {isa = PBXFileReference; lastKnownFileType = sourcecode.c.h; path = argnames.h; sourceTree = "<group>"; };
		460BE99C2232B65100251611 /* seckey.h */ = {isa = PBXFileReference; lastKnownFileType = sourcecode.c.h; path = seckey.h; sourceTree = "<group>"; };
		460BE99D2232B65100251611 /* ossig.h */ = {isa = PBXFileReference; lastKnownFileType = sourcecode.c.h; path = ossig.h; sourceTree = "<group>"; };
		460BE99E2232B65200251611 /* tiger.h */ = {isa = PBXFileReference; lastKnownFileType = sourcecode.c.h; path = tiger.h; sourceTree = "<group>"; };
		460BE99F2232B65200251611 /* modexppc.h */ = {isa = PBXFileReference; lastKnownFileType = sourcecode.c.h; path = modexppc.h; sourceTree = "<group>"; };
		460BE9A02232B65300251611 /* integer.h */ = {isa = PBXFileReference; lastKnownFileType = sourcecode.c.h; path = integer.h; sourceTree = "<group>"; };
		460BE9A12232B65300251611 /* default.h */ = {isa = PBXFileReference; lastKnownFileType = sourcecode.c.h; path = default.h; sourceTree = "<group>"; };
		460BE9A22232B65300251611 /* modarith.h */ = {isa = PBXFileReference; lastKnownFileType = sourcecode.c.h; path = modarith.h; sourceTree = "<group>"; };
		460BE9A32232B65400251611 /* square.h */ = {isa = PBXFileReference; lastKnownFileType = sourcecode.c.h; path = square.h; sourceTree = "<group>"; };
		460BE9A42232B65400251611 /* sm4.h */ = {isa = PBXFileReference; lastKnownFileType = sourcecode.c.h; path = sm4.h; sourceTree = "<group>"; };
		460BE9A52232B65500251611 /* lubyrack.h */ = {isa = PBXFileReference; lastKnownFileType = sourcecode.c.h; path = lubyrack.h; sourceTree = "<group>"; };
		460BE9A62232B65500251611 /* chachapoly.h */ = {isa = PBXFileReference; lastKnownFileType = sourcecode.c.h; path = chachapoly.h; sourceTree = "<group>"; };
		460BE9A72232B65500251611 /* donna_64.h */ = {isa = PBXFileReference; lastKnownFileType = sourcecode.c.h; path = donna_64.h; sourceTree = "<group>"; };
		460BE9A82232B65600251611 /* hc256.h */ = {isa = PBXFileReference; lastKnownFileType = sourcecode.c.h; path = hc256.h; sourceTree = "<group>"; };
		460BE9A92232B65600251611 /* 3way.h */ = {isa = PBXFileReference; lastKnownFileType = sourcecode.c.h; path = 3way.h; sourceTree = "<group>"; };
		460BE9AA2232B65600251611 /* donna.h */ = {isa = PBXFileReference; lastKnownFileType = sourcecode.c.h; path = donna.h; sourceTree = "<group>"; };
		460BE9AB2232B65600251611 /* mdc.h */ = {isa = PBXFileReference; lastKnownFileType = sourcecode.c.h; path = mdc.h; sourceTree = "<group>"; };
		460BE9AC2232B65700251611 /* rc6.h */ = {isa = PBXFileReference; lastKnownFileType = sourcecode.c.h; path = rc6.h; sourceTree = "<group>"; };
		460BE9AD2232B65700251611 /* serpent.h */ = {isa = PBXFileReference; lastKnownFileType = sourcecode.c.h; path = serpent.h; sourceTree = "<group>"; };
		460BE9AE2232B65700251611 /* serpentp.h */ = {isa = PBXFileReference; lastKnownFileType = sourcecode.c.h; path = serpentp.h; sourceTree = "<group>"; };
		460BE9AF2232B65800251611 /* simple.h */ = {isa = PBXFileReference; lastKnownFileType = sourcecode.c.h; path = simple.h; sourceTree = "<group>"; };
		460BE9B02232B65800251611 /* strciphr.h */ = {isa = PBXFileReference; lastKnownFileType = sourcecode.c.h; path = strciphr.h; sourceTree = "<group>"; };
		460BE9B12232B65800251611 /* shacal2.h */ = {isa = PBXFileReference; lastKnownFileType = sourcecode.c.h; path = shacal2.h; sourceTree = "<group>"; };
		460BE9B22232B65900251611 /* tweetnacl.h */ = {isa = PBXFileReference; lastKnownFileType = sourcecode.c.h; path = tweetnacl.h; sourceTree = "<group>"; };
		460BE9B32232B65900251611 /* words.h */ = {isa = PBXFileReference; lastKnownFileType = sourcecode.c.h; path = words.h; sourceTree = "<group>"; };
		460BE9B42232B65900251611 /* lea.h */ = {isa = PBXFileReference; lastKnownFileType = sourcecode.c.h; path = lea.h; sourceTree = "<group>"; };
		460BE9B52232B65A00251611 /* safer.h */ = {isa = PBXFileReference; lastKnownFileType = sourcecode.c.h; path = safer.h; sourceTree = "<group>"; };
		460BE9B62232B65A00251611 /* blumshub.h */ = {isa = PBXFileReference; lastKnownFileType = sourcecode.c.h; path = blumshub.h; sourceTree = "<group>"; };
		460BE9B72232B65A00251611 /* gf2n.h */ = {isa = PBXFileReference; lastKnownFileType = sourcecode.c.h; path = gf2n.h; sourceTree = "<group>"; };
		460BE9B82232B65A00251611 /* mersenne.h */ = {isa = PBXFileReference; lastKnownFileType = sourcecode.c.h; path = mersenne.h; sourceTree = "<group>"; };
		460BE9B92232B65B00251611 /* pkcspad.h */ = {isa = PBXFileReference; lastKnownFileType = sourcecode.c.h; path = pkcspad.h; sourceTree = "<group>"; };
		460BE9BA2232B65B00251611 /* adler32.h */ = {isa = PBXFileReference; lastKnownFileType = sourcecode.c.h; path = adler32.h; sourceTree = "<group>"; };
		460BE9BB2232B65B00251611 /* sm3.h */ = {isa = PBXFileReference; lastKnownFileType = sourcecode.c.h; path = sm3.h; sourceTree = "<group>"; };
		460BE9BC2232B65C00251611 /* arc4.h */ = {isa = PBXFileReference; lastKnownFileType = sourcecode.c.h; path = arc4.h; sourceTree = "<group>"; };
		460BE9BD2232B65C00251611 /* validate.h */ = {isa = PBXFileReference; lastKnownFileType = sourcecode.c.h; path = validate.h; sourceTree = "<group>"; };
		460BE9BE2232B65C00251611 /* asn.h */ = {isa = PBXFileReference; lastKnownFileType = sourcecode.c.h; path = asn.h; sourceTree = "<group>"; };
		460BE9BF2232B65C00251611 /* camellia.h */ = {isa = PBXFileReference; lastKnownFileType = sourcecode.c.h; path = camellia.h; sourceTree = "<group>"; };
		460BE9C02232B65D00251611 /* config.h */ = {isa = PBXFileReference; lastKnownFileType = sourcecode.c.h; path = config.h; sourceTree = "<group>"; };
		460BE9C12232B65D00251611 /* cmac.h */ = {isa = PBXFileReference; lastKnownFileType = sourcecode.c.h; path = cmac.h; sourceTree = "<group>"; };
		460BE9C22232B65D00251611 /* dsa.h */ = {isa = PBXFileReference; lastKnownFileType = sourcecode.c.h; path = dsa.h; sourceTree = "<group>"; };
		460BE9C32232B65E00251611 /* osrng.h */ = {isa = PBXFileReference; lastKnownFileType = sourcecode.c.h; path = osrng.h; sourceTree = "<group>"; };
		460BE9C42232B65E00251611 /* pch.h */ = {isa = PBXFileReference; lastKnownFileType = sourcecode.c.h; path = pch.h; sourceTree = "<group>"; };
		460BE9C52232B65E00251611 /* ccm.h */ = {isa = PBXFileReference; lastKnownFileType = sourcecode.c.h; path = ccm.h; sourceTree = "<group>"; };
		460BE9C62232B65F00251611 /* rdrand.h */ = {isa = PBXFileReference; lastKnownFileType = sourcecode.c.h; path = rdrand.h; sourceTree = "<group>"; };
		460BE9C72232B65F00251611 /* rc5.h */ = {isa = PBXFileReference; lastKnownFileType = sourcecode.c.h; path = rc5.h; sourceTree = "<group>"; };
		460BE9C82232B65F00251611 /* fips140.h */ = {isa = PBXFileReference; lastKnownFileType = sourcecode.c.h; path = fips140.h; sourceTree = "<group>"; };
		460BE9C92232B65F00251611 /* md5.h */ = {isa = PBXFileReference; lastKnownFileType = sourcecode.c.h; path = md5.h; sourceTree = "<group>"; };
		460BE9CA2232B66000251611 /* md4.h */ = {isa = PBXFileReference; lastKnownFileType = sourcecode.c.h; path = md4.h; sourceTree = "<group>"; };
		460BE9CB2232B66000251611 /* blowfish.h */ = {isa = PBXFileReference; lastKnownFileType = sourcecode.c.h; path = blowfish.h; sourceTree = "<group>"; };
		460BE9CC2232B66000251611 /* speck.h */ = {isa = PBXFileReference; lastKnownFileType = sourcecode.c.h; path = speck.h; sourceTree = "<group>"; };
		460BE9CD2232B66100251611 /* gfpcrypt.h */ = {isa = PBXFileReference; lastKnownFileType = sourcecode.c.h; path = gfpcrypt.h; sourceTree = "<group>"; };
		460BE9CE2232B66100251611 /* hashfwd.h */ = {isa = PBXFileReference; lastKnownFileType = sourcecode.c.h; path = hashfwd.h; sourceTree = "<group>"; };
		460BE9CF2232B66200251611 /* keccak.h */ = {isa = PBXFileReference; lastKnownFileType = sourcecode.c.h; path = keccak.h; sourceTree = "<group>"; };
		460BE9D02232B66200251611 /* trunhash.h */ = {isa = PBXFileReference; lastKnownFileType = sourcecode.c.h; path = trunhash.h; sourceTree = "<group>"; };
		460BE9D12232B66200251611 /* eax.h */ = {isa = PBXFileReference; lastKnownFileType = sourcecode.c.h; path = eax.h; sourceTree = "<group>"; };
		460BE9D22232B66200251611 /* kalyna.h */ = {isa = PBXFileReference; lastKnownFileType = sourcecode.c.h; path = kalyna.h; sourceTree = "<group>"; };
		460BE9D32232B66300251611 /* emsa2.h */ = {isa = PBXFileReference; lastKnownFileType = sourcecode.c.h; path = emsa2.h; sourceTree = "<group>"; };
		460BE9D42232B66300251611 /* mqv.h */ = {isa = PBXFileReference; lastKnownFileType = sourcecode.c.h; path = mqv.h; sourceTree = "<group>"; };
		460BE9D52232B66300251611 /* mars.h */ = {isa = PBXFileReference; lastKnownFileType = sourcecode.c.h; path = mars.h; sourceTree = "<group>"; };
		460BE9D62232B66300251611 /* rw.h */ = {isa = PBXFileReference; lastKnownFileType = sourcecode.c.h; path = rw.h; sourceTree = "<group>"; };
		460BE9D72232B66400251611 /* skipjack.h */ = {isa = PBXFileReference; lastKnownFileType = sourcecode.c.h; path = skipjack.h; sourceTree = "<group>"; };
		460BE9D82232B66400251611 /* nr.h */ = {isa = PBXFileReference; lastKnownFileType = sourcecode.c.h; path = nr.h; sourceTree = "<group>"; };
		460BE9D92232B66400251611 /* sosemanuk.h */ = {isa = PBXFileReference; lastKnownFileType = sourcecode.c.h; path = sosemanuk.h; sourceTree = "<group>"; };
		460BE9DA2232B66500251611 /* iterhash.h */ = {isa = PBXFileReference; lastKnownFileType = sourcecode.c.h; path = iterhash.h; sourceTree = "<group>"; };
		460BE9DB2232B66500251611 /* xtr.h */ = {isa = PBXFileReference; lastKnownFileType = sourcecode.c.h; path = xtr.h; sourceTree = "<group>"; };
		460BE9DC2232B66500251611 /* gcm.h */ = {isa = PBXFileReference; lastKnownFileType = sourcecode.c.h; path = gcm.h; sourceTree = "<group>"; };
		460BE9DD2232B66500251611 /* ecpoint.h */ = {isa = PBXFileReference; lastKnownFileType = sourcecode.c.h; path = ecpoint.h; sourceTree = "<group>"; };
		460BE9DE2232B66600251611 /* shake.h */ = {isa = PBXFileReference; lastKnownFileType = sourcecode.c.h; path = shake.h; sourceTree = "<group>"; };
		460BE9DF2232B66600251611 /* scrypt.h */ = {isa = PBXFileReference; lastKnownFileType = sourcecode.c.h; path = scrypt.h; sourceTree = "<group>"; };
		460BE9E02232B66600251611 /* pwdbased.h */ = {isa = PBXFileReference; lastKnownFileType = sourcecode.c.h; path = pwdbased.h; sourceTree = "<group>"; };
		460BE9E12232B66700251611 /* dmac.h */ = {isa = PBXFileReference; lastKnownFileType = sourcecode.c.h; path = dmac.h; sourceTree = "<group>"; };
		460BE9E22232B66700251611 /* darn.h */ = {isa = PBXFileReference; lastKnownFileType = sourcecode.c.h; path = darn.h; sourceTree = "<group>"; };
		460BE9E32232B66700251611 /* mqueue.h */ = {isa = PBXFileReference; lastKnownFileType = sourcecode.c.h; path = mqueue.h; sourceTree = "<group>"; };
		460BE9E42232B66700251611 /* zdeflate.h */ = {isa = PBXFileReference; lastKnownFileType = sourcecode.c.h; path = zdeflate.h; sourceTree = "<group>"; };
		460BE9E52232B66800251611 /* tea.h */ = {isa = PBXFileReference; lastKnownFileType = sourcecode.c.h; path = tea.h; sourceTree = "<group>"; };
		460BE9E62232B66800251611 /* zinflate.h */ = {isa = PBXFileReference; lastKnownFileType = sourcecode.c.h; path = zinflate.h; sourceTree = "<group>"; };
		460BE9E72232B66800251611 /* sha.h */ = {isa = PBXFileReference; lastKnownFileType = sourcecode.c.h; path = sha.h; sourceTree = "<group>"; };
		460BE9E82232B66900251611 /* shark.h */ = {isa = PBXFileReference; lastKnownFileType = sourcecode.c.h; path = shark.h; sourceTree = "<group>"; };
		460BE9E92232B66900251611 /* resource.h */ = {isa = PBXFileReference; lastKnownFileType = sourcecode.c.h; path = resource.h; sourceTree = "<group>"; };
		460BE9EA2232B66900251611 /* siphash.h */ = {isa = PBXFileReference; lastKnownFileType = sourcecode.c.h; path = siphash.h; sourceTree = "<group>"; };
		460BE9EB2232B66A00251611 /* salsa.h */ = {isa = PBXFileReference; lastKnownFileType = sourcecode.c.h; path = salsa.h; sourceTree = "<group>"; };
		460BE9EC2232B66A00251611 /* threefish.h */ = {isa = PBXFileReference; lastKnownFileType = sourcecode.c.h; path = threefish.h; sourceTree = "<group>"; };
		460BE9ED2232B66A00251611 /* rabin.h */ = {isa = PBXFileReference; lastKnownFileType = sourcecode.c.h; path = rabin.h; sourceTree = "<group>"; };
		460BE9EE2232B66B00251611 /* twofish.h */ = {isa = PBXFileReference; lastKnownFileType = sourcecode.c.h; path = twofish.h; sourceTree = "<group>"; };
		460BE9EF2232B66B00251611 /* cham.h */ = {isa = PBXFileReference; lastKnownFileType = sourcecode.c.h; path = cham.h; sourceTree = "<group>"; };
		460BE9F02232B66B00251611 /* hkdf.h */ = {isa = PBXFileReference; lastKnownFileType = sourcecode.c.h; path = hkdf.h; sourceTree = "<group>"; };
		460BE9F12232B66C00251611 /* pubkey.h */ = {isa = PBXFileReference; lastKnownFileType = sourcecode.c.h; path = pubkey.h; sourceTree = "<group>"; };
		460BE9F22232B66C00251611 /* eprecomp.h */ = {isa = PBXFileReference; lastKnownFileType = sourcecode.c.h; path = eprecomp.h; sourceTree = "<group>"; };
		460BE9F32232B66C00251611 /* naclite.h */ = {isa = PBXFileReference; lastKnownFileType = sourcecode.c.h; path = naclite.h; sourceTree = "<group>"; };
		460BE9F42232B66D00251611 /* queue.h */ = {isa = PBXFileReference; lastKnownFileType = sourcecode.c.h; path = queue.h; sourceTree = "<group>"; };
		460BE9F52232B66D00251611 /* luc.h */ = {isa = PBXFileReference; lastKnownFileType = sourcecode.c.h; path = luc.h; sourceTree = "<group>"; };
		460BE9F62232B66D00251611 /* authenc.h */ = {isa = PBXFileReference; lastKnownFileType = sourcecode.c.h; path = authenc.h; sourceTree = "<group>"; };
		460BE9F72232B66D00251611 /* secblock.h */ = {isa = PBXFileReference; lastKnownFileType = sourcecode.c.h; path = secblock.h; sourceTree = "<group>"; };
		460BE9F82232B66E00251611 /* dh.h */ = {isa = PBXFileReference; lastKnownFileType = sourcecode.c.h; path = dh.h; sourceTree = "<group>"; };
		460BE9F92232B66E00251611 /* hrtimer.h */ = {isa = PBXFileReference; lastKnownFileType = sourcecode.c.h; path = hrtimer.h; sourceTree = "<group>"; };
		460BE9FA2232B66E00251611 /* base32.h */ = {isa = PBXFileReference; lastKnownFileType = sourcecode.c.h; path = base32.h; sourceTree = "<group>"; };
		460BE9FB2232B66F00251611 /* cast.h */ = {isa = PBXFileReference; lastKnownFileType = sourcecode.c.h; path = cast.h; sourceTree = "<group>"; };
		460BE9FC2232B66F00251611 /* whrlpool.h */ = {isa = PBXFileReference; lastKnownFileType = sourcecode.c.h; path = whrlpool.h; sourceTree = "<group>"; };
		460BE9FD2232B66F00251611 /* cpu.h */ = {isa = PBXFileReference; lastKnownFileType = sourcecode.c.h; path = cpu.h; sourceTree = "<group>"; };
		460BE9FE2232B67000251611 /* hmqv.h */ = {isa = PBXFileReference; lastKnownFileType = sourcecode.c.h; path = hmqv.h; sourceTree = "<group>"; };
		460BE9FF2232B67000251611 /* esign.h */ = {isa = PBXFileReference; lastKnownFileType = sourcecode.c.h; path = esign.h; sourceTree = "<group>"; };
		460BEA002232B67000251611 /* ttmac.h */ = {isa = PBXFileReference; lastKnownFileType = sourcecode.c.h; path = ttmac.h; sourceTree = "<group>"; };
		460BEA012232B67100251611 /* factory.h */ = {isa = PBXFileReference; lastKnownFileType = sourcecode.c.h; path = factory.h; sourceTree = "<group>"; };
		460BEA022232B67100251611 /* xed25519.h */ = {isa = PBXFileReference; lastKnownFileType = sourcecode.c.h; path = xed25519.h; sourceTree = "<group>"; };
		460BEA032232B67100251611 /* md2.h */ = {isa = PBXFileReference; lastKnownFileType = sourcecode.c.h; path = md2.h; sourceTree = "<group>"; };
		460BEA042232B67100251611 /* oids.h */ = {isa = PBXFileReference; lastKnownFileType = sourcecode.c.h; path = oids.h; sourceTree = "<group>"; };
		460BEA052232B67200251611 /* rsa.h */ = {isa = PBXFileReference; lastKnownFileType = sourcecode.c.h; path = rsa.h; sourceTree = "<group>"; };
		460BEA062232B67200251611 /* filters.h */ = {isa = PBXFileReference; lastKnownFileType = sourcecode.c.h; path = filters.h; sourceTree = "<group>"; };
		460BEA072232B67200251611 /* misc.h */ = {isa = PBXFileReference; lastKnownFileType = sourcecode.c.h; path = misc.h; sourceTree = "<group>"; };
		460BEA082232B67300251611 /* drbg.h */ = {isa = PBXFileReference; lastKnownFileType = sourcecode.c.h; path = drbg.h; sourceTree = "<group>"; };
		460BEA092232B67300251611 /* panama.h */ = {isa = PBXFileReference; lastKnownFileType = sourcecode.c.h; path = panama.h; sourceTree = "<group>"; };
		460BEA0A2232B67300251611 /* arm_simd.h */ = {isa = PBXFileReference; lastKnownFileType = sourcecode.c.h; path = arm_simd.h; sourceTree = "<group>"; };
		460BEA0B2232B67300251611 /* rc2.h */ = {isa = PBXFileReference; lastKnownFileType = sourcecode.c.h; path = rc2.h; sourceTree = "<group>"; };
		460BEA0C2232B67400251611 /* rng.h */ = {isa = PBXFileReference; lastKnownFileType = sourcecode.c.h; path = rng.h; sourceTree = "<group>"; };
		460BEA0D2232B67400251611 /* fltrimpl.h */ = {isa = PBXFileReference; lastKnownFileType = sourcecode.c.h; path = fltrimpl.h; sourceTree = "<group>"; };
		460BEA0E2232B67400251611 /* ec2n.h */ = {isa = PBXFileReference; lastKnownFileType = sourcecode.c.h; path = ec2n.h; sourceTree = "<group>"; };
		460BEA0F2232B67500251611 /* dll.h */ = {isa = PBXFileReference; lastKnownFileType = sourcecode.c.h; path = dll.h; sourceTree = "<group>"; };
		460BEA102232B67500251611 /* gf2_32.h */ = {isa = PBXFileReference; lastKnownFileType = sourcecode.c.h; path = gf2_32.h; sourceTree = "<group>"; };
		460BEA112232B67500251611 /* donna_32.h */ = {isa = PBXFileReference; lastKnownFileType = sourcecode.c.h; path = donna_32.h; sourceTree = "<group>"; };
		460BEA122232B67600251611 /* files.h */ = {isa = PBXFileReference; lastKnownFileType = sourcecode.c.h; path = files.h; sourceTree = "<group>"; };
		460BEA132232B67600251611 /* adv_simd.h */ = {isa = PBXFileReference; lastKnownFileType = sourcecode.c.h; path = adv_simd.h; sourceTree = "<group>"; };
		460BEA142232B67600251611 /* hight.h */ = {isa = PBXFileReference; lastKnownFileType = sourcecode.c.h; path = hight.h; sourceTree = "<group>"; };
		460BEA152232B67600251611 /* ecp.h */ = {isa = PBXFileReference; lastKnownFileType = sourcecode.c.h; path = ecp.h; sourceTree = "<group>"; };
		460BEA162232B67700251611 /* basecode.h */ = {isa = PBXFileReference; lastKnownFileType = sourcecode.c.h; path = basecode.h; sourceTree = "<group>"; };
		460BEA172232B67700251611 /* hex.h */ = {isa = PBXFileReference; lastKnownFileType = sourcecode.c.h; path = hex.h; sourceTree = "<group>"; };
		460BEA182232B67700251611 /* eccrypto.h */ = {isa = PBXFileReference; lastKnownFileType = sourcecode.c.h; path = eccrypto.h; sourceTree = "<group>"; };
		460BEA192232B67800251611 /* cryptlib.h */ = {isa = PBXFileReference; lastKnownFileType = sourcecode.c.h; path = cryptlib.h; sourceTree = "<group>"; };
		460BEA1A2232B67800251611 /* nbtheory.h */ = {isa = PBXFileReference; lastKnownFileType = sourcecode.c.h; path = nbtheory.h; sourceTree = "<group>"; };
		460BEA1B2232B67800251611 /* rabbit.h */ = {isa = PBXFileReference; lastKnownFileType = sourcecode.c.h; path = rabbit.h; sourceTree = "<group>"; };
		460BEA1C2232B67900251611 /* ripemd.h */ = {isa = PBXFileReference; lastKnownFileType = sourcecode.c.h; path = ripemd.h; sourceTree = "<group>"; };
		460BEA1D2232B67900251611 /* randpool.h */ = {isa = PBXFileReference; lastKnownFileType = sourcecode.c.h; path = randpool.h; sourceTree = "<group>"; };
		460BEA1E2232B67900251611 /* crc.h */ = {isa = PBXFileReference; lastKnownFileType = sourcecode.c.h; path = crc.h; sourceTree = "<group>"; };
		460BEA1F2232B67A00251611 /* seal.h */ = {isa = PBXFileReference; lastKnownFileType = sourcecode.c.h; path = seal.h; sourceTree = "<group>"; };
		460BEA202232B67A00251611 /* stdcpp.h */ = {isa = PBXFileReference; lastKnownFileType = sourcecode.c.h; path = stdcpp.h; sourceTree = "<group>"; };
		460BEA212232B67A00251611 /* xtrcrypt.h */ = {isa = PBXFileReference; lastKnownFileType = sourcecode.c.h; path = xtrcrypt.h; sourceTree = "<group>"; };
		460BEA222232B67A00251611 /* bench.h */ = {isa = PBXFileReference; lastKnownFileType = sourcecode.c.h; path = bench.h; sourceTree = "<group>"; };
		460BEA232232B7B200251611 /* DataManager.cpp */ = {isa = PBXFileReference; fileEncoding = 4; lastKnownFileType = sourcecode.cpp.cpp; path = DataManager.cpp; sourceTree = "<group>"; };
		460BEA242232B7B200251611 /* Account.cpp */ = {isa = PBXFileReference; fileEncoding = 4; lastKnownFileType = sourcecode.cpp.cpp; path = Account.cpp; sourceTree = "<group>"; };
		460BEA252232B7B200251611 /* DataManager.h */ = {isa = PBXFileReference; fileEncoding = 4; lastKnownFileType = sourcecode.c.h; path = DataManager.h; sourceTree = "<group>"; };
		460BEA262232B7B300251611 /* Account.h */ = {isa = PBXFileReference; fileEncoding = 4; lastKnownFileType = sourcecode.c.h; path = Account.h; sourceTree = "<group>"; };
		460BEA272232B7B300251611 /* Authentication.cpp */ = {isa = PBXFileReference; fileEncoding = 4; lastKnownFileType = sourcecode.cpp.cpp; path = Authentication.cpp; sourceTree = "<group>"; };
		460BEA2B2232B82500251611 /* Crypto.h */ = {isa = PBXFileReference; fileEncoding = 4; lastKnownFileType = sourcecode.c.h; name = Crypto.h; path = ../../../../../WeCycle/WeCycle/Crypto.h; sourceTree = "<group>"; };
		460BEA2C2232B82500251611 /* Crypto.cpp */ = {isa = PBXFileReference; fileEncoding = 4; lastKnownFileType = sourcecode.cpp.cpp; name = Crypto.cpp; path = ../../../../../WeCycle/WeCycle/Crypto.cpp; sourceTree = "<group>"; };
		460BEA2E2232B87000251611 /* Authentication.h */ = {isa = PBXFileReference; lastKnownFileType = sourcecode.c.h; name = Authentication.h; path = ../../../../../WeCycle/WeCycle/Authentication.h; sourceTree = "<group>"; };
		460CA91E222B4AA00015A2BE /* GoogleService-Info.plist */ = {isa = PBXFileReference; fileEncoding = 4; lastKnownFileType = text.plist.xml; path = "GoogleService-Info.plist"; sourceTree = "<group>"; };
		460CA924222B9D990015A2BE /* NewsViewController.swift */ = {isa = PBXFileReference; lastKnownFileType = sourcecode.swift; path = NewsViewController.swift; sourceTree = "<group>"; };
		460CA926222BA1890015A2BE /* NewsCollectionViewCell.swift */ = {isa = PBXFileReference; lastKnownFileType = sourcecode.swift; path = NewsCollectionViewCell.swift; sourceTree = "<group>"; };
		461B4E02221BBE0700A8DB3A /* WeCycle.app */ = {isa = PBXFileReference; explicitFileType = wrapper.application; includeInIndex = 0; path = WeCycle.app; sourceTree = BUILT_PRODUCTS_DIR; };
		461B4E05221BBE0700A8DB3A /* AppDelegate.swift */ = {isa = PBXFileReference; lastKnownFileType = sourcecode.swift; path = AppDelegate.swift; sourceTree = "<group>"; };
		461B4E07221BBE0700A8DB3A /* ViewController.swift */ = {isa = PBXFileReference; lastKnownFileType = sourcecode.swift; path = ViewController.swift; sourceTree = "<group>"; };
		461B4E0C221BBE0800A8DB3A /* Assets.xcassets */ = {isa = PBXFileReference; lastKnownFileType = folder.assetcatalog; path = Assets.xcassets; sourceTree = "<group>"; };
		461B4E11221BBE0800A8DB3A /* Info.plist */ = {isa = PBXFileReference; lastKnownFileType = text.plist.xml; path = Info.plist; sourceTree = "<group>"; };
		461B4E17221BC05F00A8DB3A /* Main.storyboard */ = {isa = PBXFileReference; fileEncoding = 4; lastKnownFileType = file.storyboard; path = Main.storyboard; sourceTree = "<group>"; };
		461B4E19221BC0B900A8DB3A /* ClarifaiHelper.swift */ = {isa = PBXFileReference; fileEncoding = 4; lastKnownFileType = sourcecode.swift; path = ClarifaiHelper.swift; sourceTree = "<group>"; };
		461B4E1B221BC0EB00A8DB3A /* CameraViewController.swift */ = {isa = PBXFileReference; fileEncoding = 4; lastKnownFileType = sourcecode.swift; path = CameraViewController.swift; sourceTree = "<group>"; };
		461B4E1D221BC0F100A8DB3A /* PreviewViewController.swift */ = {isa = PBXFileReference; fileEncoding = 4; lastKnownFileType = sourcecode.swift; path = PreviewViewController.swift; sourceTree = "<group>"; };
		461B4E21221BC3CB00A8DB3A /* LaunchScreen.storyboard */ = {isa = PBXFileReference; fileEncoding = 4; lastKnownFileType = file.storyboard; path = LaunchScreen.storyboard; sourceTree = "<group>"; };
		469DB9F8221E0B760051279D /* RightScreenViewController.swift */ = {isa = PBXFileReference; lastKnownFileType = sourcecode.swift; path = RightScreenViewController.swift; sourceTree = "<group>"; };
		469DB9FA221E0B850051279D /* LeftScreenViewController.swift */ = {isa = PBXFileReference; lastKnownFileType = sourcecode.swift; path = LeftScreenViewController.swift; sourceTree = "<group>"; };
		469DB9FC221E0B940051279D /* ScrollViewController.swift */ = {isa = PBXFileReference; lastKnownFileType = sourcecode.swift; path = ScrollViewController.swift; sourceTree = "<group>"; };
		469DB9FE221E46C40051279D /* MainCollectionViewCell.swift */ = {isa = PBXFileReference; lastKnownFileType = sourcecode.swift; path = MainCollectionViewCell.swift; sourceTree = "<group>"; };
		46FEB9B3221F727C0031A93F /* CircularTransition.swift */ = {isa = PBXFileReference; lastKnownFileType = sourcecode.swift; path = CircularTransition.swift; sourceTree = "<group>"; };
		46FEB9B5221FB12E0031A93F /* StatsViewController.swift */ = {isa = PBXFileReference; lastKnownFileType = sourcecode.swift; path = StatsViewController.swift; sourceTree = "<group>"; };
		FD126D1984AB0359882E69CE /* Pods-WeCycle.release.xcconfig */ = {isa = PBXFileReference; includeInIndex = 1; lastKnownFileType = text.xcconfig; name = "Pods-WeCycle.release.xcconfig"; path = "Target Support Files/Pods-WeCycle/Pods-WeCycle.release.xcconfig"; sourceTree = "<group>"; };
/* End PBXFileReference section */

/* Begin PBXFrameworksBuildPhase section */
		461B4DFF221BBE0700A8DB3A /* Frameworks */ = {
			isa = PBXFrameworksBuildPhase;
			buildActionMask = 2147483647;
			files = (
				46042C7C223011670019433F /* firebase_analytics.framework in Frameworks */,
				46042C7D223011670019433F /* firebase_database.framework in Frameworks */,
				F36815A2438F24E133BF4328 /* Pods_WeCycle.framework in Frameworks */,
				46042C7E223011670019433F /* firebase_auth.framework in Frameworks */,
				46042C7B223011670019433F /* firebase.framework in Frameworks */,
				46042C7A223011670019433F /* firebase_storage.framework in Frameworks */,
				460BE9722232B5A400251611 /* libcryptlib.a in Frameworks */,
			);
			runOnlyForDeploymentPostprocessing = 0;
		};
/* End PBXFrameworksBuildPhase section */

/* Begin PBXGroup section */
		46042CB7223018470019433F /* Backend Files  */ = {
			isa = PBXGroup;
			children = (
				460BE9732232B63500251611 /* cryptopp */,
				460BE7432232A8A800251611 /* AuthenticationWrapper.cpp */,
				460BE7442232A8A800251611 /* AuthenticationWrapper.hpp */,
				46042C8D223012A50019433F /* AccountWrapper.cpp */,
				46042C90223012A60019433F /* AccountWrapper.hpp */,
				46042C87223012A30019433F /* DataManagerWrapper.hpp */,
				46042C94223012A70019433F /* FirebaseManager.cpp */,
				46042C82223012A20019433F /* FirebaseManager.h */,
				460BEA2C2232B82500251611 /* Crypto.cpp */,
				460BEA2B2232B82500251611 /* Crypto.h */,
				46042C97223012A80019433F /* FirebaseManagerWrapper.cpp */,
				460BEA242232B7B200251611 /* Account.cpp */,
				460BEA262232B7B300251611 /* Account.h */,
				460BEA272232B7B300251611 /* Authentication.cpp */,
				460BEA2E2232B87000251611 /* Authentication.h */,
				460BEA232232B7B200251611 /* DataManager.cpp */,
				460BEA252232B7B200251611 /* DataManager.h */,
				46042C8C223012A50019433F /* FirebaseManagerWrapper.hpp */,
				46042C8A223012A40019433F /* DataManagerWrapper.cpp */,
				46042C91223012A60019433F /* json.hpp */,
				46042C95223012A70019433F /* PushableObject.cpp */,
				46042C98223012A80019433F /* PushableObject.h */,
				46042C85223012A30019433F /* PushableObjectWrapper.cpp */,
				46042C92223012A60019433F /* PushableObjectWrapper.hpp */,
				46042C86223012A30019433F /* Rank.h */,
				46042C8B223012A40019433F /* StorageListener.cpp */,
				46042C89223012A40019433F /* StorageListener.h */,
				46042C8E223012A50019433F /* StorageManager.cpp */,
				46042C80223012A10019433F /* StorageManager.h */,
				46042C96223012A70019433F /* StorageManagerWrapper.cpp */,
				46042C83223012A20019433F /* StorageManagerWrapper.hpp */,
			);
			path = "Backend Files ";
			sourceTree = "<group>";
		};
		460BE9732232B63500251611 /* cryptopp */ = {
			isa = PBXGroup;
			children = (
				460BE9A92232B65600251611 /* 3way.h */,
				460BE9BA2232B65B00251611 /* adler32.h */,
				460BEA132232B67600251611 /* adv_simd.h */,
				460BE97A2232B64700251611 /* aes_armv4.h */,
				460BE9842232B64A00251611 /* aes.h */,
				460BE9942232B64F00251611 /* algebra.h */,
				460BE97C2232B64700251611 /* algparam.h */,
				460BE9BC2232B65C00251611 /* arc4.h */,
				460BE99B2232B65100251611 /* argnames.h */,
				460BE9912232B64E00251611 /* aria.h */,
				460BEA0A2232B67300251611 /* arm_simd.h */,
				460BE9BE2232B65C00251611 /* asn.h */,
				460BE9F62232B66D00251611 /* authenc.h */,
				460BE9FA2232B66E00251611 /* base32.h */,
				460BE9952232B64F00251611 /* base64.h */,
				460BEA162232B67700251611 /* basecode.h */,
				460BEA222232B67A00251611 /* bench.h */,
				460BE9972232B65000251611 /* blake2.h */,
				460BE9CB2232B66000251611 /* blowfish.h */,
				460BE9B62232B65A00251611 /* blumshub.h */,
				460BE9BF2232B65C00251611 /* camellia.h */,
				460BE9FB2232B66F00251611 /* cast.h */,
				460BE98A2232B64C00251611 /* cbcmac.h */,
				460BE9C52232B65E00251611 /* ccm.h */,
				460BE97E2232B64800251611 /* chacha.h */,
				460BE9A62232B65500251611 /* chachapoly.h */,
				460BE9EF2232B66B00251611 /* cham.h */,
				460BE9782232B64600251611 /* channels.h */,
				460BE9C12232B65D00251611 /* cmac.h */,
				460BE9C02232B65D00251611 /* config.h */,
				460BE9FD2232B66F00251611 /* cpu.h */,
				460BEA1E2232B67900251611 /* crc.h */,
				460BEA192232B67800251611 /* cryptlib.h */,
				460BE9E22232B66700251611 /* darn.h */,
				460BE9A12232B65300251611 /* default.h */,
				460BE9862232B64A00251611 /* des.h */,
				460BE9F82232B66E00251611 /* dh.h */,
				460BE97F2232B64800251611 /* dh2.h */,
				460BEA0F2232B67500251611 /* dll.h */,
				460BE9E12232B66700251611 /* dmac.h */,
				460BEA112232B67500251611 /* donna_32.h */,
				460BE9A72232B65500251611 /* donna_64.h */,
				460BE9802232B64900251611 /* donna_sse.h */,
				460BE9AA2232B65600251611 /* donna.h */,
				460BEA082232B67300251611 /* drbg.h */,
				460BE9C22232B65D00251611 /* dsa.h */,
				460BE9D12232B66200251611 /* eax.h */,
				460BEA0E2232B67400251611 /* ec2n.h */,
				460BEA182232B67700251611 /* eccrypto.h */,
				460BEA152232B67600251611 /* ecp.h */,
				460BE9DD2232B66500251611 /* ecpoint.h */,
				460BE9772232B64600251611 /* elgamal.h */,
				460BE9D32232B66300251611 /* emsa2.h */,
				460BE9F22232B66C00251611 /* eprecomp.h */,
				460BE9FF2232B67000251611 /* esign.h */,
				460BEA012232B67100251611 /* factory.h */,
				460BE97D2232B64800251611 /* fhmqv.h */,
				460BEA122232B67600251611 /* files.h */,
				460BEA062232B67200251611 /* filters.h */,
				460BE9C82232B65F00251611 /* fips140.h */,
				460BEA0D2232B67400251611 /* fltrimpl.h */,
				460BE9DC2232B66500251611 /* gcm.h */,
				460BEA102232B67500251611 /* gf2_32.h */,
				460BE9B72232B65A00251611 /* gf2n.h */,
				460BE9902232B64D00251611 /* gf256.h */,
				460BE9CD2232B66100251611 /* gfpcrypt.h */,
				460BE98C2232B64C00251611 /* gost.h */,
				460BE9892232B64B00251611 /* gzip.h */,
				460BE9CE2232B66100251611 /* hashfwd.h */,
				460BE99A2232B65000251611 /* hc128.h */,
				460BE9A82232B65600251611 /* hc256.h */,
				460BEA172232B67700251611 /* hex.h */,
				460BEA142232B67600251611 /* hight.h */,
				460BE9F02232B66B00251611 /* hkdf.h */,
				460BE98B2232B64C00251611 /* hmac.h */,
				460BE9FE2232B67000251611 /* hmqv.h */,
				460BE9F92232B66E00251611 /* hrtimer.h */,
				460BE9792232B64700251611 /* ida.h */,
				460BE9872232B64B00251611 /* idea.h */,
				460BE9A02232B65300251611 /* integer.h */,
				460BE9DA2232B66500251611 /* iterhash.h */,
				460BE9D22232B66200251611 /* kalyna.h */,
				460BE9CF2232B66200251611 /* keccak.h */,
				460BE9B42232B65900251611 /* lea.h */,
				460BE9A52232B65500251611 /* lubyrack.h */,
				460BE9F52232B66D00251611 /* luc.h */,
				460BE9D52232B66300251611 /* mars.h */,
				460BEA032232B67100251611 /* md2.h */,
				460BE9CA2232B66000251611 /* md4.h */,
				460BE9C92232B65F00251611 /* md5.h */,
				460BE9AB2232B65600251611 /* mdc.h */,
				460BE9B82232B65A00251611 /* mersenne.h */,
				460BEA072232B67200251611 /* misc.h */,
				460BE9A22232B65300251611 /* modarith.h */,
				460BE9882232B64B00251611 /* modes.h */,
				460BE99F2232B65200251611 /* modexppc.h */,
				460BE9E32232B66700251611 /* mqueue.h */,
				460BE9D42232B66300251611 /* mqv.h */,
				460BE9F32232B66C00251611 /* naclite.h */,
				460BEA1A2232B67800251611 /* nbtheory.h */,
				460BE9D82232B66400251611 /* nr.h */,
				460BE98E2232B64D00251611 /* oaep.h */,
				460BEA042232B67100251611 /* oids.h */,
				460BE9C32232B65E00251611 /* osrng.h */,
				460BE99D2232B65100251611 /* ossig.h */,
				460BE9812232B64900251611 /* padlkrng.h */,
				460BEA092232B67300251611 /* panama.h */,
				460BE9C42232B65E00251611 /* pch.h */,
				460BE9B92232B65B00251611 /* pkcspad.h */,
				460BE9822232B64900251611 /* poly1305.h */,
				460BE9932232B64E00251611 /* polynomi.h */,
				460BE9852232B64A00251611 /* ppc_simd.h */,
				460BE9962232B64F00251611 /* pssr.h */,
				460BE9F12232B66C00251611 /* pubkey.h */,
				460BE9E02232B66600251611 /* pwdbased.h */,
				460BE9F42232B66D00251611 /* queue.h */,
				460BEA1B2232B67800251611 /* rabbit.h */,
				460BE9ED2232B66A00251611 /* rabin.h */,
				460BEA1D2232B67900251611 /* randpool.h */,
				460BEA0B2232B67300251611 /* rc2.h */,
				460BE9C72232B65F00251611 /* rc5.h */,
				460BE9AC2232B65700251611 /* rc6.h */,
				460BE9C62232B65F00251611 /* rdrand.h */,
				460BE9E92232B66900251611 /* resource.h */,
				460BE9742232B64500251611 /* rijndael.h */,
				460BEA1C2232B67900251611 /* ripemd.h */,
				460BEA0C2232B67400251611 /* rng.h */,
				460BEA052232B67200251611 /* rsa.h */,
				460BE9D62232B66300251611 /* rw.h */,
				460BE9B52232B65A00251611 /* safer.h */,
				460BE9EB2232B66A00251611 /* salsa.h */,
				460BE9DF2232B66600251611 /* scrypt.h */,
				460BEA1F2232B67A00251611 /* seal.h */,
				460BE9F72232B66D00251611 /* secblock.h */,
				460BE99C2232B65100251611 /* seckey.h */,
				460BE9922232B64E00251611 /* seed.h */,
				460BE9AD2232B65700251611 /* serpent.h */,
				460BE9AE2232B65700251611 /* serpentp.h */,
				460BE9E72232B66800251611 /* sha.h */,
				460BE97B2232B64700251611 /* sha3.h */,
				460BE9B12232B65800251611 /* shacal2.h */,
				460BE9DE2232B66600251611 /* shake.h */,
				460BE9E82232B66900251611 /* shark.h */,
				460BE9752232B64500251611 /* simeck.h */,
				460BE9832232B64900251611 /* simon.h */,
				460BE9AF2232B65800251611 /* simple.h */,
				460BE9EA2232B66900251611 /* siphash.h */,
				460BE9D72232B66400251611 /* skipjack.h */,
				460BE9BB2232B65B00251611 /* sm3.h */,
				460BE9A42232B65400251611 /* sm4.h */,
				460BE98D2232B64C00251611 /* smartptr.h */,
				460BE9D92232B66400251611 /* sosemanuk.h */,
				460BE9CC2232B66000251611 /* speck.h */,
				460BE9A32232B65400251611 /* square.h */,
				460BEA202232B67A00251611 /* stdcpp.h */,
				460BE9B02232B65800251611 /* strciphr.h */,
				460BE9E52232B66800251611 /* tea.h */,
				460BE9EC2232B66A00251611 /* threefish.h */,
				460BE99E2232B65200251611 /* tiger.h */,
				460BE98F2232B64D00251611 /* trap.h */,
				460BE9D02232B66200251611 /* trunhash.h */,
				460BEA002232B67000251611 /* ttmac.h */,
				460BE9B22232B65900251611 /* tweetnacl.h */,
				460BE9EE2232B66B00251611 /* twofish.h */,
				460BE9BD2232B65C00251611 /* validate.h */,
				460BE9982232B65000251611 /* vmac.h */,
				460BE9992232B65000251611 /* wake.h */,
				460BE9FC2232B66F00251611 /* whrlpool.h */,
				460BE9B32232B65900251611 /* words.h */,
				460BEA022232B67100251611 /* xed25519.h */,
				460BE9DB2232B66500251611 /* xtr.h */,
				460BEA212232B67A00251611 /* xtrcrypt.h */,
				460BE9E42232B66700251611 /* zdeflate.h */,
				460BE9E62232B66800251611 /* zinflate.h */,
				460BE9762232B64600251611 /* zlib.h */,
			);
			path = cryptopp;
			sourceTree = "<group>";
		};
		461B4DF9221BBE0700A8DB3A = {
			isa = PBXGroup;
			children = (
				461B4E04221BBE0700A8DB3A /* WeCycle */,
				461B4E03221BBE0700A8DB3A /* Products */,
				792A0819CB5AE2EEF5FD5F88 /* Pods */,
				73B5D97697DB628A854676BB /* Frameworks */,
			);
			sourceTree = "<group>";
		};
		461B4E03221BBE0700A8DB3A /* Products */ = {
			isa = PBXGroup;
			children = (
				461B4E02221BBE0700A8DB3A /* WeCycle.app */,
			);
			name = Products;
			sourceTree = "<group>";
		};
		461B4E04221BBE0700A8DB3A /* WeCycle */ = {
			isa = PBXGroup;
			children = (
				461B4E05221BBE0700A8DB3A /* AppDelegate.swift */,
				46042CB7223018470019433F /* Backend Files  */,
				461B4E19221BC0B900A8DB3A /* ClarifaiHelper.swift */,
				460BE73F2232A40200251611 /* google-services.json */,
				46042CB62230162B0019433F /* WeCycle-Bridging-Header.h */,
				469DBA00221E46E60051279D /* View Controllers */,
				469DB9FE221E46C40051279D /* MainCollectionViewCell.swift */,
				460CA926222BA1890015A2BE /* NewsCollectionViewCell.swift */,
				461B4E17221BC05F00A8DB3A /* Main.storyboard */,
				46FEB9B3221F727C0031A93F /* CircularTransition.swift */,
				461B4E0C221BBE0800A8DB3A /* Assets.xcassets */,
				460CA91E222B4AA00015A2BE /* GoogleService-Info.plist */,
				461B4E21221BC3CB00A8DB3A /* LaunchScreen.storyboard */,
				461B4E11221BBE0800A8DB3A /* Info.plist */,
			);
			path = WeCycle;
			sourceTree = "<group>";
		};
		469DBA00221E46E60051279D /* View Controllers */ = {
			isa = PBXGroup;
			children = (
				469DB9FC221E0B940051279D /* ScrollViewController.swift */,
				460CA924222B9D990015A2BE /* NewsViewController.swift */,
				46FEB9B5221FB12E0031A93F /* StatsViewController.swift */,
				461B4E07221BBE0700A8DB3A /* ViewController.swift */,
				461B4E1B221BC0EB00A8DB3A /* CameraViewController.swift */,
				469DB9FA221E0B850051279D /* LeftScreenViewController.swift */,
				469DB9F8221E0B760051279D /* RightScreenViewController.swift */,
				461B4E1D221BC0F100A8DB3A /* PreviewViewController.swift */,
			);
			path = "View Controllers";
			sourceTree = "<group>";
		};
		73B5D97697DB628A854676BB /* Frameworks */ = {
			isa = PBXGroup;
			children = (
				460BE9712232B5A400251611 /* libcryptlib.a */,
				46042C77223011660019433F /* firebase_analytics.framework */,
				46042C79223011670019433F /* firebase_auth.framework */,
				46042C78223011660019433F /* firebase_database.framework */,
				46042C75223011640019433F /* firebase_storage.framework */,
				46042C76223011650019433F /* firebase.framework */,
				06D92FB4F574C763932FCA17 /* Pods_WeCycle.framework */,
			);
			name = Frameworks;
			sourceTree = "<group>";
		};
		792A0819CB5AE2EEF5FD5F88 /* Pods */ = {
			isa = PBXGroup;
			children = (
				243DAF92CAF23CA2ED7DB968 /* Pods-WeCycle.debug.xcconfig */,
				FD126D1984AB0359882E69CE /* Pods-WeCycle.release.xcconfig */,
			);
			path = Pods;
			sourceTree = "<group>";
		};
/* End PBXGroup section */

/* Begin PBXNativeTarget section */
		461B4E01221BBE0700A8DB3A /* WeCycle */ = {
			isa = PBXNativeTarget;
			buildConfigurationList = 461B4E14221BBE0800A8DB3A /* Build configuration list for PBXNativeTarget "WeCycle" */;
			buildPhases = (
				0F54E5ACBE7A933694AEF42B /* [CP] Check Pods Manifest.lock */,
				461B4DFE221BBE0700A8DB3A /* Sources */,
				461B4DFF221BBE0700A8DB3A /* Frameworks */,
				461B4E00221BBE0700A8DB3A /* Resources */,
				E2FE3BA9784AACB227EBAB1A /* [CP] Embed Pods Frameworks */,
			);
			buildRules = (
			);
			dependencies = (
			);
			name = WeCycle;
			productName = WeCycle;
			productReference = 461B4E02221BBE0700A8DB3A /* WeCycle.app */;
			productType = "com.apple.product-type.application";
		};
/* End PBXNativeTarget section */

/* Begin PBXProject section */
		461B4DFA221BBE0700A8DB3A /* Project object */ = {
			isa = PBXProject;
			attributes = {
				LastSwiftUpdateCheck = 1010;
				LastUpgradeCheck = 1010;
				ORGANIZATIONNAME = "Abhishek More";
				TargetAttributes = {
					461B4E01221BBE0700A8DB3A = {
						CreatedOnToolsVersion = 10.1;
						LastSwiftMigration = 1010;
					};
				};
			};
			buildConfigurationList = 461B4DFD221BBE0700A8DB3A /* Build configuration list for PBXProject "WeCycle" */;
			compatibilityVersion = "Xcode 9.3";
			developmentRegion = en;
			hasScannedForEncodings = 0;
			knownRegions = (
				en,
				Base,
			);
			mainGroup = 461B4DF9221BBE0700A8DB3A;
			productRefGroup = 461B4E03221BBE0700A8DB3A /* Products */;
			projectDirPath = "";
			projectRoot = "";
			targets = (
				461B4E01221BBE0700A8DB3A /* WeCycle */,
			);
		};
/* End PBXProject section */

/* Begin PBXResourcesBuildPhase section */
		461B4E00221BBE0700A8DB3A /* Resources */ = {
			isa = PBXResourcesBuildPhase;
			buildActionMask = 2147483647;
			files = (
				460CA91F222B4AA00015A2BE /* GoogleService-Info.plist in Resources */,
				461B4E0D221BBE0800A8DB3A /* Assets.xcassets in Resources */,
				461B4E22221BC3CB00A8DB3A /* LaunchScreen.storyboard in Resources */,
				461B4E18221BC05F00A8DB3A /* Main.storyboard in Resources */,
				460BE7402232A40300251611 /* google-services.json in Resources */,
			);
			runOnlyForDeploymentPostprocessing = 0;
		};
/* End PBXResourcesBuildPhase section */

/* Begin PBXShellScriptBuildPhase section */
		0F54E5ACBE7A933694AEF42B /* [CP] Check Pods Manifest.lock */ = {
			isa = PBXShellScriptBuildPhase;
			buildActionMask = 2147483647;
			files = (
			);
			inputFileListPaths = (
			);
			inputPaths = (
				"${PODS_PODFILE_DIR_PATH}/Podfile.lock",
				"${PODS_ROOT}/Manifest.lock",
			);
			name = "[CP] Check Pods Manifest.lock";
			outputFileListPaths = (
			);
			outputPaths = (
				"$(DERIVED_FILE_DIR)/Pods-WeCycle-checkManifestLockResult.txt",
			);
			runOnlyForDeploymentPostprocessing = 0;
			shellPath = /bin/sh;
			shellScript = "diff \"${PODS_PODFILE_DIR_PATH}/Podfile.lock\" \"${PODS_ROOT}/Manifest.lock\" > /dev/null\nif [ $? != 0 ] ; then\n    # print error to STDERR\n    echo \"error: The sandbox is not in sync with the Podfile.lock. Run 'pod install' or update your CocoaPods installation.\" >&2\n    exit 1\nfi\n# This output is used by Xcode 'outputs' to avoid re-running this script phase.\necho \"SUCCESS\" > \"${SCRIPT_OUTPUT_FILE_0}\"\n";
			showEnvVarsInLog = 0;
		};
		E2FE3BA9784AACB227EBAB1A /* [CP] Embed Pods Frameworks */ = {
			isa = PBXShellScriptBuildPhase;
			buildActionMask = 2147483647;
			files = (
			);
			inputFileListPaths = (
			);
			inputPaths = (
				"${PODS_ROOT}/Target Support Files/Pods-WeCycle/Pods-WeCycle-frameworks.sh",
				"${BUILT_PRODUCTS_DIR}/Alamofire/Alamofire.framework",
				"${BUILT_PRODUCTS_DIR}/GTMSessionFetcher/GTMSessionFetcher.framework",
				"${BUILT_PRODUCTS_DIR}/GoogleUtilities/GoogleUtilities.framework",
				"${BUILT_PRODUCTS_DIR}/SDWebImage/SDWebImage.framework",
				"${BUILT_PRODUCTS_DIR}/SwiftyJSON/SwiftyJSON.framework",
				"${BUILT_PRODUCTS_DIR}/leveldb-library/leveldb.framework",
				"${BUILT_PRODUCTS_DIR}/nanopb/nanopb.framework",
			);
			name = "[CP] Embed Pods Frameworks";
			outputFileListPaths = (
			);
			outputPaths = (
				"${TARGET_BUILD_DIR}/${FRAMEWORKS_FOLDER_PATH}/Alamofire.framework",
				"${TARGET_BUILD_DIR}/${FRAMEWORKS_FOLDER_PATH}/GTMSessionFetcher.framework",
				"${TARGET_BUILD_DIR}/${FRAMEWORKS_FOLDER_PATH}/GoogleUtilities.framework",
				"${TARGET_BUILD_DIR}/${FRAMEWORKS_FOLDER_PATH}/SDWebImage.framework",
				"${TARGET_BUILD_DIR}/${FRAMEWORKS_FOLDER_PATH}/SwiftyJSON.framework",
				"${TARGET_BUILD_DIR}/${FRAMEWORKS_FOLDER_PATH}/leveldb.framework",
				"${TARGET_BUILD_DIR}/${FRAMEWORKS_FOLDER_PATH}/nanopb.framework",
			);
			runOnlyForDeploymentPostprocessing = 0;
			shellPath = /bin/sh;
			shellScript = "\"${PODS_ROOT}/Target Support Files/Pods-WeCycle/Pods-WeCycle-frameworks.sh\"\n";
			showEnvVarsInLog = 0;
		};
/* End PBXShellScriptBuildPhase section */

/* Begin PBXSourcesBuildPhase section */
		461B4DFE221BBE0700A8DB3A /* Sources */ = {
			isa = PBXSourcesBuildPhase;
			buildActionMask = 2147483647;
			files = (
				46042CA2223012A80019433F /* FirebaseManager.cpp in Sources */,
				460BEA292232B7B300251611 /* Account.cpp in Sources */,
				46042CA5223012A80019433F /* FirebaseManagerWrapper.cpp in Sources */,
				460BEA2A2232B7B300251611 /* Authentication.cpp in Sources */,
				461B4E1A221BC0B900A8DB3A /* ClarifaiHelper.swift in Sources */,
				460BE7452232A8A800251611 /* AuthenticationWrapper.cpp in Sources */,
				469DB9FF221E46C40051279D /* MainCollectionViewCell.swift in Sources */,
				460BEA2D2232B82500251611 /* Crypto.cpp in Sources */,
				461B4E1C221BC0EB00A8DB3A /* CameraViewController.swift in Sources */,
				46042CA3223012A80019433F /* PushableObject.cpp in Sources */,
				460CA927222BA1890015A2BE /* NewsCollectionViewCell.swift in Sources */,
				460CA925222B9D990015A2BE /* NewsViewController.swift in Sources */,
				461B4E08221BBE0700A8DB3A /* ViewController.swift in Sources */,
				46042C9E223012A80019433F /* StorageListener.cpp in Sources */,
				46042CA0223012A80019433F /* StorageManager.cpp in Sources */,
				469DB9FD221E0B940051279D /* ScrollViewController.swift in Sources */,
				460BEA282232B7B300251611 /* DataManager.cpp in Sources */,
				46FEB9B4221F727C0031A93F /* CircularTransition.swift in Sources */,
				46042C9C223012A80019433F /* PushableObjectWrapper.cpp in Sources */,
				46042C9F223012A80019433F /* AccountWrapper.cpp in Sources */,
				469DB9F9221E0B760051279D /* RightScreenViewController.swift in Sources */,
				469DB9FB221E0B850051279D /* LeftScreenViewController.swift in Sources */,
				461B4E1E221BC0F100A8DB3A /* PreviewViewController.swift in Sources */,
				46042CA4223012A80019433F /* StorageManagerWrapper.cpp in Sources */,
				46042C9D223012A80019433F /* DataManagerWrapper.cpp in Sources */,
				461B4E06221BBE0700A8DB3A /* AppDelegate.swift in Sources */,
				46FEB9B6221FB12E0031A93F /* StatsViewController.swift in Sources */,
			);
			runOnlyForDeploymentPostprocessing = 0;
		};
/* End PBXSourcesBuildPhase section */

/* Begin XCBuildConfiguration section */
		461B4E12221BBE0800A8DB3A /* Debug */ = {
			isa = XCBuildConfiguration;
			buildSettings = {
				ALWAYS_SEARCH_USER_PATHS = NO;
				CLANG_ANALYZER_NONNULL = YES;
				CLANG_ANALYZER_NUMBER_OBJECT_CONVERSION = YES_AGGRESSIVE;
				CLANG_CXX_LANGUAGE_STANDARD = "gnu++14";
				CLANG_CXX_LIBRARY = "libc++";
				CLANG_ENABLE_MODULES = YES;
				CLANG_ENABLE_OBJC_ARC = YES;
				CLANG_ENABLE_OBJC_WEAK = YES;
				CLANG_WARN_BLOCK_CAPTURE_AUTORELEASING = YES;
				CLANG_WARN_BOOL_CONVERSION = YES;
				CLANG_WARN_COMMA = YES;
				CLANG_WARN_CONSTANT_CONVERSION = YES;
				CLANG_WARN_DEPRECATED_OBJC_IMPLEMENTATIONS = YES;
				CLANG_WARN_DIRECT_OBJC_ISA_USAGE = YES_ERROR;
				CLANG_WARN_DOCUMENTATION_COMMENTS = YES;
				CLANG_WARN_EMPTY_BODY = YES;
				CLANG_WARN_ENUM_CONVERSION = YES;
				CLANG_WARN_INFINITE_RECURSION = YES;
				CLANG_WARN_INT_CONVERSION = YES;
				CLANG_WARN_NON_LITERAL_NULL_CONVERSION = YES;
				CLANG_WARN_OBJC_IMPLICIT_RETAIN_SELF = YES;
				CLANG_WARN_OBJC_LITERAL_CONVERSION = YES;
				CLANG_WARN_OBJC_ROOT_CLASS = YES_ERROR;
				CLANG_WARN_RANGE_LOOP_ANALYSIS = YES;
				CLANG_WARN_STRICT_PROTOTYPES = YES;
				CLANG_WARN_SUSPICIOUS_MOVE = YES;
				CLANG_WARN_UNGUARDED_AVAILABILITY = YES_AGGRESSIVE;
				CLANG_WARN_UNREACHABLE_CODE = YES;
				CLANG_WARN__DUPLICATE_METHOD_MATCH = YES;
				CODE_SIGN_IDENTITY = "iPhone Developer";
				COPY_PHASE_STRIP = NO;
				DEBUG_INFORMATION_FORMAT = dwarf;
				ENABLE_STRICT_OBJC_MSGSEND = YES;
				ENABLE_TESTABILITY = YES;
				GCC_C_LANGUAGE_STANDARD = gnu11;
				GCC_DYNAMIC_NO_PIC = NO;
				GCC_NO_COMMON_BLOCKS = YES;
				GCC_OPTIMIZATION_LEVEL = 0;
				GCC_PREPROCESSOR_DEFINITIONS = (
					"DEBUG=1",
					"$(inherited)",
				);
				GCC_WARN_64_TO_32_BIT_CONVERSION = YES;
				GCC_WARN_ABOUT_RETURN_TYPE = YES_ERROR;
				GCC_WARN_UNDECLARED_SELECTOR = YES;
				GCC_WARN_UNINITIALIZED_AUTOS = YES_AGGRESSIVE;
				GCC_WARN_UNUSED_FUNCTION = YES;
				GCC_WARN_UNUSED_VARIABLE = YES;
				IPHONEOS_DEPLOYMENT_TARGET = 12.1;
				MTL_ENABLE_DEBUG_INFO = INCLUDE_SOURCE;
				MTL_FAST_MATH = YES;
				ONLY_ACTIVE_ARCH = YES;
				SDKROOT = iphoneos;
				SWIFT_ACTIVE_COMPILATION_CONDITIONS = DEBUG;
				SWIFT_OPTIMIZATION_LEVEL = "-Onone";
			};
			name = Debug;
		};
		461B4E13221BBE0800A8DB3A /* Release */ = {
			isa = XCBuildConfiguration;
			buildSettings = {
				ALWAYS_SEARCH_USER_PATHS = NO;
				CLANG_ANALYZER_NONNULL = YES;
				CLANG_ANALYZER_NUMBER_OBJECT_CONVERSION = YES_AGGRESSIVE;
				CLANG_CXX_LANGUAGE_STANDARD = "gnu++14";
				CLANG_CXX_LIBRARY = "libc++";
				CLANG_ENABLE_MODULES = YES;
				CLANG_ENABLE_OBJC_ARC = YES;
				CLANG_ENABLE_OBJC_WEAK = YES;
				CLANG_WARN_BLOCK_CAPTURE_AUTORELEASING = YES;
				CLANG_WARN_BOOL_CONVERSION = YES;
				CLANG_WARN_COMMA = YES;
				CLANG_WARN_CONSTANT_CONVERSION = YES;
				CLANG_WARN_DEPRECATED_OBJC_IMPLEMENTATIONS = YES;
				CLANG_WARN_DIRECT_OBJC_ISA_USAGE = YES_ERROR;
				CLANG_WARN_DOCUMENTATION_COMMENTS = YES;
				CLANG_WARN_EMPTY_BODY = YES;
				CLANG_WARN_ENUM_CONVERSION = YES;
				CLANG_WARN_INFINITE_RECURSION = YES;
				CLANG_WARN_INT_CONVERSION = YES;
				CLANG_WARN_NON_LITERAL_NULL_CONVERSION = YES;
				CLANG_WARN_OBJC_IMPLICIT_RETAIN_SELF = YES;
				CLANG_WARN_OBJC_LITERAL_CONVERSION = YES;
				CLANG_WARN_OBJC_ROOT_CLASS = YES_ERROR;
				CLANG_WARN_RANGE_LOOP_ANALYSIS = YES;
				CLANG_WARN_STRICT_PROTOTYPES = YES;
				CLANG_WARN_SUSPICIOUS_MOVE = YES;
				CLANG_WARN_UNGUARDED_AVAILABILITY = YES_AGGRESSIVE;
				CLANG_WARN_UNREACHABLE_CODE = YES;
				CLANG_WARN__DUPLICATE_METHOD_MATCH = YES;
				CODE_SIGN_IDENTITY = "iPhone Developer";
				COPY_PHASE_STRIP = NO;
				DEBUG_INFORMATION_FORMAT = "dwarf-with-dsym";
				ENABLE_NS_ASSERTIONS = NO;
				ENABLE_STRICT_OBJC_MSGSEND = YES;
				GCC_C_LANGUAGE_STANDARD = gnu11;
				GCC_NO_COMMON_BLOCKS = YES;
				GCC_WARN_64_TO_32_BIT_CONVERSION = YES;
				GCC_WARN_ABOUT_RETURN_TYPE = YES_ERROR;
				GCC_WARN_UNDECLARED_SELECTOR = YES;
				GCC_WARN_UNINITIALIZED_AUTOS = YES_AGGRESSIVE;
				GCC_WARN_UNUSED_FUNCTION = YES;
				GCC_WARN_UNUSED_VARIABLE = YES;
				IPHONEOS_DEPLOYMENT_TARGET = 12.1;
				MTL_ENABLE_DEBUG_INFO = NO;
				MTL_FAST_MATH = YES;
				SDKROOT = iphoneos;
				SWIFT_COMPILATION_MODE = wholemodule;
				SWIFT_OPTIMIZATION_LEVEL = "-O";
				VALIDATE_PRODUCT = YES;
			};
			name = Release;
		};
		461B4E15221BBE0800A8DB3A /* Debug */ = {
			isa = XCBuildConfiguration;
			baseConfigurationReference = 243DAF92CAF23CA2ED7DB968 /* Pods-WeCycle.debug.xcconfig */;
			buildSettings = {
				ALWAYS_SEARCH_USER_PATHS = NO;
				ASSETCATALOG_COMPILER_APPICON_NAME = AppIcon;
				CLANG_ENABLE_MODULES = YES;
				CODE_SIGN_STYLE = Automatic;
				DEVELOPMENT_TEAM = 3VQJV9CA53;
				FRAMEWORK_SEARCH_PATHS = (
					"$(inherited)",
					"$(PROJECT_DIR)",
				);
				"HEADER_SEARCH_PATHS[arch=*]" = (
					"$(inherited)",
					"\"${PODS_CONFIGURATION_BUILD_DIR}/Alamofire/Alamofire.framework/Headers\"",
					"\"${PODS_CONFIGURATION_BUILD_DIR}/FirebaseAuth/FirebaseAuth.framework/Headers\"",
					"\"${PODS_CONFIGURATION_BUILD_DIR}/FirebaseCore/FirebaseCore.framework/Headers\"",
					"\"${PODS_CONFIGURATION_BUILD_DIR}/FirebaseDatabase/FirebaseDatabase.framework/Headers\"",
					"\"${PODS_CONFIGURATION_BUILD_DIR}/FirebaseStorage/FirebaseStorage.framework/Headers\"",
					"\"${PODS_CONFIGURATION_BUILD_DIR}/GTMSessionFetcher/GTMSessionFetcher.framework/Headers\"",
					"\"${PODS_CONFIGURATION_BUILD_DIR}/GoogleUtilities/GoogleUtilities.framework/Headers\"",
					"\"${PODS_CONFIGURATION_BUILD_DIR}/SDWebImage/SDWebImage.framework/Headers\"",
					"\"${PODS_CONFIGURATION_BUILD_DIR}/SwiftyJSON/SwiftyJSON.framework/Headers\"",
					"\"${PODS_CONFIGURATION_BUILD_DIR}/leveldb-library/leveldb.framework/Headers\"",
					"\"${PODS_CONFIGURATION_BUILD_DIR}/nanopb/nanopb.framework/Headers\"",
					"\"${PODS_ROOT}/Headers/Public\"",
					"\"${PODS_ROOT}/Headers/Public/Firebase\"",
					"\"${PODS_ROOT}/Headers/Public/FirebaseAuthInterop\"",
					"$(inherited)",
					"${PODS_ROOT}/Firebase/CoreOnly/Sources",
				);
				INFOPLIST_FILE = WeCycle/Info.plist;
				LD_RUNPATH_SEARCH_PATHS = (
					"$(inherited)",
					"@executable_path/Frameworks",
				);
				LIBRARY_SEARCH_PATHS = (
					"$(inherited)",
					"$(PROJECT_DIR)",
				);
				PRODUCT_BUNDLE_IDENTIFIER = com.wecycle;
				PRODUCT_NAME = "$(TARGET_NAME)";
				SWIFT_OBJC_BRIDGING_HEADER = "WeCycle/WeCycle-Bridging-Header.h";
				SWIFT_OPTIMIZATION_LEVEL = "-Onone";
				SWIFT_VERSION = 4.2;
				TARGETED_DEVICE_FAMILY = "1,2";
			};
			name = Debug;
		};
		461B4E16221BBE0800A8DB3A /* Release */ = {
			isa = XCBuildConfiguration;
			baseConfigurationReference = FD126D1984AB0359882E69CE /* Pods-WeCycle.release.xcconfig */;
			buildSettings = {
				ALWAYS_SEARCH_USER_PATHS = NO;
				ASSETCATALOG_COMPILER_APPICON_NAME = AppIcon;
				CLANG_ENABLE_MODULES = YES;
				CODE_SIGN_STYLE = Automatic;
				DEVELOPMENT_TEAM = 3VQJV9CA53;
				FRAMEWORK_SEARCH_PATHS = (
					"$(inherited)",
					"$(PROJECT_DIR)",
				);
				INFOPLIST_FILE = WeCycle/Info.plist;
				LD_RUNPATH_SEARCH_PATHS = (
					"$(inherited)",
					"@executable_path/Frameworks",
				);
				LIBRARY_SEARCH_PATHS = (
					"$(inherited)",
					"$(PROJECT_DIR)",
				);
				PRODUCT_BUNDLE_IDENTIFIER = com.wecycle;
				PRODUCT_NAME = "$(TARGET_NAME)";
				SWIFT_OBJC_BRIDGING_HEADER = "WeCycle/WeCycle-Bridging-Header.h";
				SWIFT_VERSION = 4.2;
				TARGETED_DEVICE_FAMILY = "1,2";
			};
			name = Release;
		};
/* End XCBuildConfiguration section */

/* Begin XCConfigurationList section */
		461B4DFD221BBE0700A8DB3A /* Build configuration list for PBXProject "WeCycle" */ = {
			isa = XCConfigurationList;
			buildConfigurations = (
				461B4E12221BBE0800A8DB3A /* Debug */,
				461B4E13221BBE0800A8DB3A /* Release */,
			);
			defaultConfigurationIsVisible = 0;
			defaultConfigurationName = Release;
		};
		461B4E14221BBE0800A8DB3A /* Build configuration list for PBXNativeTarget "WeCycle" */ = {
			isa = XCConfigurationList;
			buildConfigurations = (
				461B4E15221BBE0800A8DB3A /* Debug */,
				461B4E16221BBE0800A8DB3A /* Release */,
			);
			defaultConfigurationIsVisible = 0;
			defaultConfigurationName = Release;
		};
/* End XCConfigurationList section */
	};
	rootObject = 461B4DFA221BBE0700A8DB3A /* Project object */;
}
